// !$*UTF8*$!
{
	archiveVersion = 1;
	classes = {
	};
	objectVersion = 46;
	objects = {

/* Begin PBXBuildFile section */
		945892A71C9C416100762587 /* AppDelegate.swift in Sources */ = {isa = PBXBuildFile; fileRef = 945892A61C9C416100762587 /* AppDelegate.swift */; };
		945892A91C9C416100762587 /* ViewController.swift in Sources */ = {isa = PBXBuildFile; fileRef = 945892A81C9C416100762587 /* ViewController.swift */; };
		945892AC1C9C416200762587 /* Main.storyboard in Resources */ = {isa = PBXBuildFile; fileRef = 945892AA1C9C416200762587 /* Main.storyboard */; };
		945892AE1C9C416200762587 /* Assets.xcassets in Resources */ = {isa = PBXBuildFile; fileRef = 945892AD1C9C416200762587 /* Assets.xcassets */; };
		945892B11C9C416200762587 /* LaunchScreen.storyboard in Resources */ = {isa = PBXBuildFile; fileRef = 945892AF1C9C416200762587 /* LaunchScreen.storyboard */; };
		945892B91C9C656B00762587 /* BlueViewController.swift in Sources */ = {isa = PBXBuildFile; fileRef = 945892B81C9C656B00762587 /* BlueViewController.swift */; };
/* End PBXBuildFile section */

/* Begin PBXFileReference section */
		945892A31C9C416100762587 /* training-segues.app */ = {isa = PBXFileReference; explicitFileType = wrapper.application; includeInIndex = 0; path = "training-segues.app"; sourceTree = BUILT_PRODUCTS_DIR; };
		945892A61C9C416100762587 /* AppDelegate.swift */ = {isa = PBXFileReference; lastKnownFileType = sourcecode.swift; path = AppDelegate.swift; sourceTree = "<group>"; };
		945892A81C9C416100762587 /* ViewController.swift */ = {isa = PBXFileReference; lastKnownFileType = sourcecode.swift; path = ViewController.swift; sourceTree = "<group>"; };
		945892AB1C9C416200762587 /* Base */ = {isa = PBXFileReference; lastKnownFileType = file.storyboard; name = Base; path = Base.lproj/Main.storyboard; sourceTree = "<group>"; };
		945892AD1C9C416200762587 /* Assets.xcassets */ = {isa = PBXFileReference; lastKnownFileType = folder.assetcatalog; path = Assets.xcassets; sourceTree = "<group>"; };
		945892B01C9C416200762587 /* Base */ = {isa = PBXFileReference; lastKnownFileType = file.storyboard; name = Base; path = Base.lproj/LaunchScreen.storyboard; sourceTree = "<group>"; };
		945892B21C9C416200762587 /* Info.plist */ = {isa = PBXFileReference; lastKnownFileType = text.plist.xml; path = Info.plist; sourceTree = "<group>"; };
		945892B81C9C656B00762587 /* BlueViewController.swift */ = {isa = PBXFileReference; fileEncoding = 4; lastKnownFileType = sourcecode.swift; path = BlueViewController.swift; sourceTree = "<group>"; };
/* End PBXFileReference section */

/* Begin PBXFrameworksBuildPhase section */
		945892A01C9C416100762587 /* Frameworks */ = {
			isa = PBXFrameworksBuildPhase;
			buildActionMask = 2147483647;
			files = (
			);
			runOnlyForDeploymentPostprocessing = 0;
		};
/* End PBXFrameworksBuildPhase section */

/* Begin PBXGroup section */
		9458929A1C9C416100762587 = {
			isa = PBXGroup;
			children = (
				945892A51C9C416100762587 /* training-segues */,
				945892A41C9C416100762587 /* Products */,
			);
			sourceTree = "<group>";
		};
		945892A41C9C416100762587 /* Products */ = {
			isa = PBXGroup;
			children = (
				945892A31C9C416100762587 /* training-segues.app */,
			);
			name = Products;
			sourceTree = "<group>";
		};
		945892A51C9C416100762587 /* training-segues */ = {
			isa = PBXGroup;
			children = (
				945892A61C9C416100762587 /* AppDelegate.swift */,
				945892A81C9C416100762587 /* ViewController.swift */,
				945892AA1C9C416200762587 /* Main.storyboard */,
				945892AD1C9C416200762587 /* Assets.xcassets */,
				945892AF1C9C416200762587 /* LaunchScreen.storyboard */,
				945892B21C9C416200762587 /* Info.plist */,
				945892B81C9C656B00762587 /* BlueViewController.swift */,
			);
			path = "training-segues";
			sourceTree = "<group>";
		};
/* End PBXGroup section */

/* Begin PBXNativeTarget section */
		945892A21C9C416100762587 /* training-segues */ = {
			isa = PBXNativeTarget;
			buildConfigurationList = 945892B51C9C416200762587 /* Build configuration list for PBXNativeTarget "training-segues" */;
			buildPhases = (
				9458929F1C9C416100762587 /* Sources */,
				945892A01C9C416100762587 /* Frameworks */,
				945892A11C9C416100762587 /* Resources */,
			);
			buildRules = (
			);
			dependencies = (
			);
			name = "training-segues";
			productName = "training-segues";
			productReference = 945892A31C9C416100762587 /* training-segues.app */;
			productType = "com.apple.product-type.application";
		};
/* End PBXNativeTarget section */

/* Begin PBXProject section */
		9458929B1C9C416100762587 /* Project object */ = {
			isa = PBXProject;
			attributes = {
				LastSwiftUpdateCheck = 0730;
				LastUpgradeCheck = 0730;
				ORGANIZATIONNAME = "Ryan Collins";
				TargetAttributes = {
					945892A21C9C416100762587 = {
						CreatedOnToolsVersion = 7.3;
						DevelopmentTeam = 8VF4S3W85G;
					};
				};
			};
			buildConfigurationList = 9458929E1C9C416100762587 /* Build configuration list for PBXProject "training-segues" */;
			compatibilityVersion = "Xcode 3.2";
			developmentRegion = English;
			hasScannedForEncodings = 0;
			knownRegions = (
				en,
				Base,
			);
			mainGroup = 9458929A1C9C416100762587;
			productRefGroup = 945892A41C9C416100762587 /* Products */;
			projectDirPath = "";
			projectRoot = "";
			targets = (
				945892A21C9C416100762587 /* training-segues */,
			);
		};
/* End PBXProject section */

/* Begin PBXResourcesBuildPhase section */
		945892A11C9C416100762587 /* Resources */ = {
			isa = PBXResourcesBuildPhase;
			buildActionMask = 2147483647;
			files = (
				945892B11C9C416200762587 /* LaunchScreen.storyboard in Resources */,
				945892AE1C9C416200762587 /* Assets.xcassets in Resources */,
				945892AC1C9C416200762587 /* Main.storyboard in Resources */,
			);
			runOnlyForDeploymentPostprocessing = 0;
		};
/* End PBXResourcesBuildPhase section */

/* Begin PBXSourcesBuildPhase section */
		9458929F1C9C416100762587 /* Sources */ = {
			isa = PBXSourcesBuildPhase;
			buildActionMask = 2147483647;
			files = (
				945892A91C9C416100762587 /* ViewController.swift in Sources */,
				945892B91C9C656B00762587 /* BlueViewController.swift in Sources */,
				945892A71C9C416100762587 /* AppDelegate.swift in Sources */,
			);
			runOnlyForDeploymentPostprocessing = 0;
		};
/* End PBXSourcesBuildPhase section */

/* Begin PBXVariantGroup section */
		945892AA1C9C416200762587 /* Main.storyboard */ = {
			isa = PBXVariantGroup;
			children = (
				945892AB1C9C416200762587 /* Base */,
			);
			name = Main.storyboard;
			sourceTree = "<group>";
		};
		945892AF1C9C416200762587 /* LaunchScreen.storyboard */ = {
			isa = PBXVariantGroup;
			children = (
				945892B01C9C416200762587 /* Base */,
			);
			name = LaunchScreen.storyboard;
			sourceTree = "<group>";
		};
/* End PBXVariantGroup section */

/* Begin XCBuildConfiguration section */
		945892B31C9C416200762587 /* Debug */ = {
			isa = XCBuildConfiguration;
			buildSettings = {
				ALWAYS_SEARCH_USER_PATHS = NO;
				CLANG_ANALYZER_NONNULL = YES;
				CLANG_CXX_LANGUAGE_STANDARD = "gnu++0x";
				CLANG_CXX_LIBRARY = "libc++";
				CLANG_ENABLE_MODULES = YES;
				CLANG_ENABLE_OBJC_ARC = YES;
				CLANG_WARN_BOOL_CONVERSION = YES;
				CLANG_WARN_CONSTANT_CONVERSION = YES;
				CLANG_WARN_DIRECT_OBJC_ISA_USAGE = YES_ERROR;
				CLANG_WARN_EMPTY_BODY = YES;
				CLANG_WARN_ENUM_CONVERSION = YES;
				CLANG_WARN_INT_CONVERSION = YES;
				CLANG_WARN_OBJC_ROOT_CLASS = YES_ERROR;
				CLANG_WARN_UNREACHABLE_CODE = YES;
				CLANG_WARN__DUPLICATE_METHOD_MATCH = YES;
				"CODE_SIGN_IDENTITY[sdk=iphoneos*]" = "iPhone Developer";
				COPY_PHASE_STRIP = NO;
				DEBUG_INFORMATION_FORMAT = dwarf;
				ENABLE_STRICT_OBJC_MSGSEND = YES;
				ENABLE_TESTABILITY = YES;
				GCC_C_LANGUAGE_STANDARD = gnu99;
				GCC_DYNAMIC_NO_PIC = NO;
				GCC_NO_COMMON_BLOCKS = YES;
				GCC_OPTIMIZATION_LEVEL = 0;
				GCC_PREPROCESSOR_DEFINITIONS = (
					"DEBUG=1",
					"$(inherited)",
				);
				GCC_WARN_64_TO_32_BIT_CONVERSION = YES;
				GCC_WARN_ABOUT_RETURN_TYPE = YES_ERROR;
				GCC_WARN_UNDECLARED_SELECTOR = YES;
				GCC_WARN_UNINITIALIZED_AUTOS = YES_AGGRESSIVE;
				GCC_WARN_UNUSED_FUNCTION = YES;
				GCC_WARN_UNUSED_VARIABLE = YES;
				IPHONEOS_DEPLOYMENT_TARGET = 9.3;
				MTL_ENABLE_DEBUG_INFO = YES;
				ONLY_ACTIVE_ARCH = YES;
				SDKROOT = iphoneos;
				SWIFT_OPTIMIZATION_LEVEL = "-Onone";
				TARGETED_DEVICE_FAMILY = "1,2";
			};
			name = Debug;
		};
		945892B41C9C416200762587 /* Release */ = {
			isa = XCBuildConfiguration;
			buildSettings = {
				ALWAYS_SEARCH_USER_PATHS = NO;
				CLANG_ANALYZER_NONNULL = YES;
				CLANG_CXX_LANGUAGE_STANDARD = "gnu++0x";
				CLANG_CXX_LIBRARY = "libc++";
				CLANG_ENABLE_MODULES = YES;
				CLANG_ENABLE_OBJC_ARC = YES;
				CLANG_WARN_BOOL_CONVERSION = YES;
				CLANG_WARN_CONSTANT_CONVERSION = YES;
				CLANG_WARN_DIRECT_OBJC_ISA_USAGE = YES_ERROR;
				CLANG_WARN_EMPTY_BODY = YES;
				CLANG_WARN_ENUM_CONVERSION = YES;
				CLANG_WARN_INT_CONVERSION = YES;
				CLANG_WARN_OBJC_ROOT_CLASS = YES_ERROR;
				CLANG_WARN_UNREACHABLE_CODE = YES;
				CLANG_WARN__DUPLICATE_METHOD_MATCH = YES;
				"CODE_SIGN_IDENTITY[sdk=iphoneos*]" = "iPhone Developer";
				COPY_PHASE_STRIP = NO;
				DEBUG_INFORMATION_FORMAT = "dwarf-with-dsym";
				ENABLE_NS_ASSERTIONS = NO;
				ENABLE_STRICT_OBJC_MSGSEND = YES;
				GCC_C_LANGUAGE_STANDARD = gnu99;
				GCC_NO_COMMON_BLOCKS = YES;
				GCC_WARN_64_TO_32_BIT_CONVERSION = YES;
				GCC_WARN_ABOUT_RETURN_TYPE = YES_ERROR;
				GCC_WARN_UNDECLARED_SELECTOR = YES;
				GCC_WARN_UNINITIALIZED_AUTOS = YES_AGGRESSIVE;
				GCC_WARN_UNUSED_FUNCTION = YES;
				GCC_WARN_UNUSED_VARIABLE = YES;
				IPHONEOS_DEPLOYMENT_TARGET = 9.3;
				MTL_ENABLE_DEBUG_INFO = NO;
				SDKROOT = iphoneos;
				TARGETED_DEVICE_FAMILY = "1,2";
				VALIDATE_PRODUCT = YES;
			};
			name = Release;
		};
		945892B61C9C416200762587 /* Debug */ = {
			isa = XCBuildConfiguration;
			buildSettings = {
				ASSETCATALOG_COMPILER_APPICON_NAME = AppIcon;
				CODE_SIGN_IDENTITY = "iPhone Developer";
				INFOPLIST_FILE = "training-segues/Info.plist";
				LD_RUNPATH_SEARCH_PATHS = "$(inherited) @executable_path/Frameworks";
				PRODUCT_BUNDLE_IDENTIFIER = "com.ryanmcollins.training-segues";
				PRODUCT_NAME = "$(TARGET_NAME)";
			};
			name = Debug;
		};
		945892B71C9C416200762587 /* Release */ = {
			isa = XCBuildConfiguration;
			buildSettings = {
				ASSETCATALOG_COMPILER_APPICON_NAME = AppIcon;
				CODE_SIGN_IDENTITY = "iPhone Developer";
				INFOPLIST_FILE = "training-segues/Info.plist";
				LD_RUNPATH_SEARCH_PATHS = "$(inherited) @executable_path/Frameworks";
				PRODUCT_BUNDLE_IDENTIFIER = "com.ryanmcollins.training-segues";
				PRODUCT_NAME = "$(TARGET_NAME)";
			};
			name = Release;
		};
/* End XCBuildConfiguration section */

/* Begin XCConfigurationList section */
		9458929E1C9C416100762587 /* Build configuration list for PBXProject "training-segues" */ = {
			isa = XCConfigurationList;
			buildConfigurations = (
				945892B31C9C416200762587 /* Debug */,
				945892B41C9C416200762587 /* Release */,
			);
			defaultConfigurationIsVisible = 0;
			defaultConfigurationName = Release;
		};
		945892B51C9C416200762587 /* Build configuration list for PBXNativeTarget "training-segues" */ = {
			isa = XCConfigurationList;
			buildConfigurations = (
				945892B61C9C416200762587 /* Debug */,
				945892B71C9C416200762587 /* Release */,
			);
			defaultConfigurationIsVisible = 0;
		};
/* End XCConfigurationList section */
	};
	rootObject = 9458929B1C9C416100762587 /* Project object */;
}
